version: 6
environments:
  rules_pkg_config_binutils:
    channels:
    - url: https://conda.anaconda.org/conda-forge
    packages:
      linux-64:
      - conda: https://conda.anaconda.org/conda-forge/linux-64/_libgcc_mutex-0.1-conda_forge.tar.bz2
      - conda: https://conda.anaconda.org/conda-forge/linux-64/_openmp_mutex-4.5-2_gnu.tar.bz2
      - conda: https://conda.anaconda.org/conda-forge/linux-64/binutils-2.45-default_h4852527_104.conda
      - conda: https://conda.anaconda.org/conda-forge/linux-64/binutils_impl_linux-64-2.45-default_hfdba357_104.conda
      - conda: https://conda.anaconda.org/conda-forge/noarch/kernel-headers_linux-64-3.10.0-he073ed8_18.conda
      - conda: https://conda.anaconda.org/conda-forge/linux-64/ld_impl_linux-64-2.45-default_hbd61a6d_104.conda
      - conda: https://conda.anaconda.org/conda-forge/linux-64/libgcc-15.2.0-he0feb66_14.conda
      - conda: https://conda.anaconda.org/conda-forge/linux-64/libgomp-15.2.0-he0feb66_14.conda
      - conda: https://conda.anaconda.org/conda-forge/linux-64/libzlib-1.3.1-hb9d3cd8_2.conda
      - conda: https://conda.anaconda.org/conda-forge/noarch/sysroot_linux-64-2.17-h0157908_18.conda
      - conda: https://conda.anaconda.org/conda-forge/noarch/tzdata-2025b-h78e105d_0.conda
      - conda: https://conda.anaconda.org/conda-forge/linux-64/zstd-1.5.7-hb78ec9c_6.conda
      linux-aarch64:
      - conda: https://conda.anaconda.org/conda-forge/linux-aarch64/_openmp_mutex-4.5-2_gnu.tar.bz2
      - conda: https://conda.anaconda.org/conda-forge/linux-aarch64/binutils-2.45-default_hf1166c9_104.conda
      - conda: https://conda.anaconda.org/conda-forge/linux-aarch64/binutils_impl_linux-aarch64-2.45-default_h5f4c503_104.conda
      - conda: https://conda.anaconda.org/conda-forge/noarch/kernel-headers_linux-aarch64-4.18.0-h05a177a_18.conda
      - conda: https://conda.anaconda.org/conda-forge/linux-aarch64/ld_impl_linux-aarch64-2.45-default_h1979696_104.conda
      - conda: https://conda.anaconda.org/conda-forge/linux-aarch64/libgcc-15.2.0-h8acb6b2_14.conda
      - conda: https://conda.anaconda.org/conda-forge/linux-aarch64/libgomp-15.2.0-h8acb6b2_14.conda
      - conda: https://conda.anaconda.org/conda-forge/linux-aarch64/libzlib-1.3.1-h86ecc28_2.conda
      - conda: https://conda.anaconda.org/conda-forge/noarch/sysroot_linux-aarch64-2.17-h68829e0_18.conda
      - conda: https://conda.anaconda.org/conda-forge/noarch/tzdata-2025b-h78e105d_0.conda
      - conda: https://conda.anaconda.org/conda-forge/linux-aarch64/zstd-1.5.7-h85ac4a6_6.conda
      osx-64:
      - conda: https://conda.anaconda.org/conda-forge/osx-64/binutils-2.45-h9ccfc6f_0.conda
      - conda: https://conda.anaconda.org/conda-forge/osx-64/binutils_impl_osx-64-2.45-h1034436_0.conda
      - conda: https://conda.anaconda.org/conda-forge/osx-64/libcxx-21.1.7-h3d58e20_0.conda
      - conda: https://conda.anaconda.org/conda-forge/osx-64/libzlib-1.3.1-hd23fc13_2.conda
      - conda: https://conda.anaconda.org/conda-forge/osx-64/zstd-1.5.7-h3eecb57_6.conda
      osx-arm64:
      - conda: https://conda.anaconda.org/conda-forge/osx-arm64/binutils-2.45-ha5b214f_0.conda
      - conda: https://conda.anaconda.org/conda-forge/osx-arm64/binutils_impl_osx-arm64-2.45-h7d0a027_0.conda
      - conda: https://conda.anaconda.org/conda-forge/osx-arm64/libcxx-21.1.7-hf598326_0.conda
      - conda: https://conda.anaconda.org/conda-forge/osx-arm64/libzlib-1.3.1-h8359307_2.conda
      - conda: https://conda.anaconda.org/conda-forge/osx-arm64/zstd-1.5.7-hbf9d68e_6.conda
      win-64:
      - conda: https://conda.anaconda.org/conda-forge/win-64/binutils-2.45-default_hd1c8def_104.conda
      - conda: https://conda.anaconda.org/conda-forge/win-64/binutils_impl_win-64-2.45-default_ha84baeb_104.conda
      - conda: https://conda.anaconda.org/conda-forge/win-64/ld_impl_win-64-2.45-default_hfd38196_104.conda
      - conda: https://conda.anaconda.org/conda-forge/win-64/libzlib-1.3.1-h2466b09_2.conda
      - conda: https://conda.anaconda.org/conda-forge/win-64/m2-conda-epoch-20250515-0_x86_64.conda
      - conda: https://conda.anaconda.org/conda-forge/noarch/m2w64-sysroot_win-64-12.0.0.r4.gg4f2fc60ca-hd8ed1ab_10.conda
      - conda: https://conda.anaconda.org/conda-forge/noarch/mingw-w64-ucrt-x86_64-crt-git-12.0.0.r4.gg4f2fc60ca-hd8ed1ab_10.conda
      - conda: https://conda.anaconda.org/conda-forge/noarch/mingw-w64-ucrt-x86_64-headers-git-12.0.0.r4.gg4f2fc60ca-hd8ed1ab_10.conda
      - conda: https://conda.anaconda.org/conda-forge/noarch/mingw-w64-ucrt-x86_64-windows-default-manifest-6.4-he206cdd_7.conda
      - conda: https://conda.anaconda.org/conda-forge/noarch/mingw-w64-ucrt-x86_64-winpthreads-git-12.0.0.r4.gg4f2fc60ca-hd8ed1ab_10.conda
      - conda: https://conda.anaconda.org/conda-forge/win-64/ucrt-10.0.26100.0-h57928b3_0.conda
      - conda: https://conda.anaconda.org/conda-forge/win-64/vc-14.3-h2b53caa_32.conda
      - conda: https://conda.anaconda.org/conda-forge/win-64/vc14_runtime-14.44.35208-h818238b_32.conda
      - conda: https://conda.anaconda.org/conda-forge/win-64/vcomp14-14.44.35208-h818238b_32.conda
      - conda: https://conda.anaconda.org/conda-forge/win-64/zstd-1.5.7-h534d264_6.conda
  rules_pkg_config_pkg_config:
    channels:
    - url: https://conda.anaconda.org/conda-forge
    packages:
      linux-64:
      - conda: https://conda.anaconda.org/conda-forge/linux-64/_libgcc_mutex-0.1-conda_forge.tar.bz2
      - conda: https://conda.anaconda.org/conda-forge/linux-64/_openmp_mutex-4.5-2_gnu.tar.bz2
      - conda: https://conda.anaconda.org/conda-forge/linux-64/libgcc-15.2.0-he0feb66_14.conda
      - conda: https://conda.anaconda.org/conda-forge/linux-64/libgomp-15.2.0-he0feb66_14.conda
      - conda: https://conda.anaconda.org/conda-forge/linux-64/pkgconf-2.5.1-h280c20c_1.conda
      linux-aarch64:
      - conda: https://conda.anaconda.org/conda-forge/linux-aarch64/_openmp_mutex-4.5-2_gnu.tar.bz2
      - conda: https://conda.anaconda.org/conda-forge/linux-aarch64/libgcc-15.2.0-h8acb6b2_14.conda
      - conda: https://conda.anaconda.org/conda-forge/linux-aarch64/libgomp-15.2.0-h8acb6b2_14.conda
      - conda: https://conda.anaconda.org/conda-forge/linux-aarch64/pkgconf-2.5.1-h80f16a2_1.conda
      osx-64:
      - conda: https://conda.anaconda.org/conda-forge/osx-64/pkgconf-2.5.1-h828b840_1.conda
      osx-arm64:
      - conda: https://conda.anaconda.org/conda-forge/osx-arm64/pkgconf-2.5.1-he530434_1.conda
      win-64:
      - conda: https://conda.anaconda.org/conda-forge/win-64/pkgconf-2.5.1-h6a83c73_1.conda
      - conda: https://conda.anaconda.org/conda-forge/win-64/ucrt-10.0.26100.0-h57928b3_0.conda
      - conda: https://conda.anaconda.org/conda-forge/win-64/vc-14.3-h2b53caa_32.conda
      - conda: https://conda.anaconda.org/conda-forge/win-64/vc14_runtime-14.44.35208-h818238b_32.conda
      - conda: https://conda.anaconda.org/conda-forge/win-64/vcomp14-14.44.35208-h818238b_32.conda
packages:
- conda: https://conda.anaconda.org/conda-forge/linux-64/_libgcc_mutex-0.1-conda_forge.tar.bz2
  sha256: fe51de6107f9edc7aa4f786a70f4a883943bc9d39b3bb7307c04c41410990726
  md5: d7c89558ba9fa0495403155b64376d81
  license: None
  size: 2562
  timestamp: 1578324546067
- conda: https://conda.anaconda.org/conda-forge/linux-64/_openmp_mutex-4.5-2_gnu.tar.bz2
  build_number: 16
  sha256: fbe2c5e56a653bebb982eda4876a9178aedfc2b545f25d0ce9c4c0b508253d22
  md5: 73aaf86a425cc6e73fcf236a5a46396d
  depends:
  - _libgcc_mutex 0.1 conda_forge
  - libgomp >=7.5.0
  constrains:
  - openmp_impl 9999
  license: BSD-3-Clause
  license_family: BSD
  size: 23621
  timestamp: 1650670423406
- conda: https://conda.anaconda.org/conda-forge/linux-aarch64/_openmp_mutex-4.5-2_gnu.tar.bz2
  build_number: 16
  sha256: 3702bef2f0a4d38bd8288bbe54aace623602a1343c2cfbefd3fa188e015bebf0
  md5: 6168d71addc746e8f2b8d57dfd2edcea
  depends:
  - libgomp >=7.5.0
  constrains:
  - openmp_impl 9999
  license: BSD-3-Clause
  license_family: BSD
  size: 23712
  timestamp: 1650670790230
- conda: https://conda.anaconda.org/conda-forge/linux-64/binutils-2.45-default_h4852527_104.conda
  sha256: 1625ea421e0f44dbdde01e3e7d2c4958bea6c55731e6ac6954ba912d339982c2
  md5: d351e4894d6c4d9d8775bf169a97089d
  depends:
  - binutils_impl_linux-64 >=2.45,<2.46.0a0
  license: GPL-3.0-only
  license_family: GPL
  size: 35316
  timestamp: 1764007880473
- conda: https://conda.anaconda.org/conda-forge/linux-aarch64/binutils-2.45-default_hf1166c9_104.conda
  sha256: 9bc583e5f93353723d7889ec18b9bca2c1cecf6fec14ea27ae5f758a28258cf9
  md5: c8a3dbfe30387152a796e2d1d4196131
  depends:
  - binutils_impl_linux-aarch64 >=2.45,<2.46.0a0
  license: GPL-3.0-only
  license_family: GPL
  size: 35396
  timestamp: 1764007964053
- conda: https://conda.anaconda.org/conda-forge/osx-64/binutils-2.45-h9ccfc6f_0.conda
  sha256: 8ff80e2752f5feb83377058559167f10ff0b8258ec6f1c9cddfe33d911a2ed9b
  md5: bcab53fb7801ccd10ed69fe22b1aebcd
  depends:
  - binutils_impl_osx-64 >=2.45,<2.46.0a0
  license: GPL-3.0-only
  license_family: GPL
  size: 35110
  timestamp: 1763060862178
- conda: https://conda.anaconda.org/conda-forge/osx-arm64/binutils-2.45-ha5b214f_0.conda
  sha256: 1f20010d49df4415c8f51f95448a59a6a64ea223ab3b941bd6b2bef19bdb907f
  md5: 15429e0f530705d94cd801a4c4b8dd8c
  depends:
  - binutils_impl_osx-arm64 >=2.45,<2.46.0a0
  license: GPL-3.0-only
  license_family: GPL
  size: 35200
  timestamp: 1763061209768
- conda: https://conda.anaconda.org/conda-forge/win-64/binutils-2.45-default_hd1c8def_104.conda
  sha256: fd157406e622f0b9b7438d0254bf88980d7059ccd34dd4f14b5b6e02a1622d13
  md5: 05a5127fe7a3e6cb986e0cf143569387
  depends:
  - binutils_impl_win-64 >=2.45,<2.46.0a0
  license: GPL-3.0-only
  license_family: GPL
  size: 2725662
  timestamp: 1764007808345
- conda: https://conda.anaconda.org/conda-forge/linux-64/binutils_impl_linux-64-2.45-default_hfdba357_104.conda
  sha256: 054a77ccab631071a803737ea8e5d04b5b18e57db5b0826a04495bd3fdf39a7c
  md5: a7a67bf132a4a2dea92a7cb498cdc5b1
  depends:
  - ld_impl_linux-64 2.45 default_hbd61a6d_104
  - sysroot_linux-64
  - zstd >=1.5.7,<1.6.0a0
  license: GPL-3.0-only
  license_family: GPL
  size: 3747046
  timestamp: 1764007847963
- conda: https://conda.anaconda.org/conda-forge/linux-aarch64/binutils_impl_linux-aarch64-2.45-default_h5f4c503_104.conda
  sha256: b7694c53943941a5234406b77b168e28d92227f8e69c697edda3faf436dd26c1
  md5: 8107322440b07ab4234815368d1785a9
  depends:
  - ld_impl_linux-aarch64 2.45 default_h1979696_104
  - sysroot_linux-aarch64
  - zstd >=1.5.7,<1.6.0a0
  license: GPL-3.0-only
  license_family: GPL
  size: 4850743
  timestamp: 1764007931341
- conda: https://conda.anaconda.org/conda-forge/osx-64/binutils_impl_osx-64-2.45-h1034436_0.conda
  sha256: 5532738dd7a463b5c40d64ee5a728d0bf155211ecb1ecdcf87990f598184cb9a
  md5: 7f9224b55c741b08638f17b7c9358a32
  depends:
  - __osx >=10.13
  - libcxx >=17
  - zstd >=1.5.7,<1.6.0a0
  license: GPL-3.0-only
  license_family: GPL
  size: 1685258
  timestamp: 1763060833942
- conda: https://conda.anaconda.org/conda-forge/osx-arm64/binutils_impl_osx-arm64-2.45-h7d0a027_0.conda
  sha256: 8cbee9bfe6964ccc424235d980e2f8e8601986344e7e7cd4a4fdc8b761d0737d
  md5: f47bd40f0e34cf1668d45cde4208c18e
  depends:
  - __osx >=11.0
  - libcxx >=17
  - zstd >=1.5.7,<1.6.0a0
  license: GPL-3.0-only
  license_family: GPL
  size: 1947760
  timestamp: 1763061186427
- conda: https://conda.anaconda.org/conda-forge/win-64/binutils_impl_win-64-2.45-default_ha84baeb_104.conda
  sha256: 78922b9eca51e828b4626b35e6893861728f284cc8253e0922469971a63e6295
  md5: ea7736f58de65900a5420f4485d73eaf
  depends:
  - ld_impl_win-64 2.45 default_hfd38196_104
  - m2w64-sysroot_win-64 >=12.0.0.r0
  - zstd >=1.5.7,<1.6.0a0
  license: GPL-3.0-only
  license_family: GPL
  size: 5997864
  timestamp: 1764007778611
- conda: https://conda.anaconda.org/conda-forge/noarch/kernel-headers_linux-64-3.10.0-he073ed8_18.conda
  sha256: a922841ad80bd7b222502e65c07ecb67e4176c4fa5b03678a005f39fcc98be4b
  md5: ad8527bf134a90e1c9ed35fa0b64318c
  constrains:
  - sysroot_linux-64 ==2.17
  license: LGPL-2.0-or-later AND LGPL-2.0-or-later WITH exceptions AND GPL-2.0-or-later AND MPL-2.0
  license_family: GPL
  size: 943486
  timestamp: 1729794504440
- conda: https://conda.anaconda.org/conda-forge/noarch/kernel-headers_linux-aarch64-4.18.0-h05a177a_18.conda
  sha256: 99731884b26d5801c931f6ed4e1d40f0d1b2efc60ab2d1d49e9b3a6508a390df
  md5: 40ebaa9844bc99af99fc1beaed90b379
  constrains:
  - sysroot_linux-aarch64 ==2.17
  license: LGPL-2.0-or-later AND LGPL-2.0-or-later WITH exceptions AND GPL-2.0-or-later AND MPL-2.0
  license_family: GPL
  size: 1113306
  timestamp: 1729794501866
- conda: https://conda.anaconda.org/conda-forge/linux-64/ld_impl_linux-64-2.45-default_hbd61a6d_104.conda
  sha256: 9e191baf2426a19507f1d0a17be0fdb7aa155cdf0f61d5a09c808e0a69464312
  md5: a6abd2796fc332536735f68ba23f7901
  depends:
  - __glibc >=2.17,<3.0.a0
  - zstd >=1.5.7,<1.6.0a0
  constrains:
  - binutils_impl_linux-64 2.45
  license: GPL-3.0-only
  license_family: GPL
  size: 725545
  timestamp: 1764007826689
- conda: https://conda.anaconda.org/conda-forge/linux-aarch64/ld_impl_linux-aarch64-2.45-default_h1979696_104.conda
  sha256: 7a13072581fa23f658a04f62f62c4677c57d3c9696fbc01cc954a88fc354b44d
  md5: 28035705fe0c977ea33963489cd008ad
  depends:
  - zstd >=1.5.7,<1.6.0a0
  constrains:
  - binutils_impl_linux-aarch64 2.45
  license: GPL-3.0-only
  license_family: GPL
  size: 875534
  timestamp: 1764007911054
- conda: https://conda.anaconda.org/conda-forge/win-64/ld_impl_win-64-2.45-default_hfd38196_104.conda
  sha256: 14f0c7487f0567ce4e0af3a4f0c4378597d0db4798b0786d6acc8d9498c8ed5a
  md5: 53e0006599159c099d051eaa08316403
  depends:
  - zstd >=1.5.7,<1.6.0a0
  constrains:
  - binutils_impl_win-64 2.45
  license: GPL-3.0-only
  license_family: GPL
  size: 876777
  timestamp: 1764007762541
- conda: https://conda.anaconda.org/conda-forge/osx-64/libcxx-21.1.7-h3d58e20_0.conda
  sha256: 0ac1b1d1072a14fe8fd3a871c8ca0b411f0fdf30de70e5c95365a149bd923ac8
  md5: 67c086bf0efc67b54a235dd9184bd7a2
  depends:
  - __osx >=10.13
  license: Apache-2.0 WITH LLVM-exception
  license_family: Apache
  size: 571564
  timestamp: 1764676139160
- conda: https://conda.anaconda.org/conda-forge/osx-arm64/libcxx-21.1.7-hf598326_0.conda
  sha256: 4bdbef0241b52e7a8552e8af7425f0b56d5621dd69df46c816546fefa17d77ab
  md5: 0de94f39727c31c0447e408c5a210a56
  depends:
  - __osx >=11.0
  license: Apache-2.0 WITH LLVM-exception
  license_family: Apache
  size: 568715
  timestamp: 1764676451068
- conda: https://conda.anaconda.org/conda-forge/linux-64/libgcc-15.2.0-he0feb66_14.conda
  sha256: 947bfbe5e47cd5d0cbdb0926d4baadb3e9be25caca7c6c6ef516f7ef85052cec
  md5: 550dceb769d23bcf0e2f97fd4062d720
  depends:
  - __glibc >=2.17,<3.0.a0
  - _openmp_mutex >=4.5
  constrains:
  - libgomp 15.2.0 he0feb66_14
  - libgcc-ng ==15.2.0=*_14
  license: GPL-3.0-only WITH GCC-exception-3.1
  license_family: GPL
  size: 1041047
  timestamp: 1764277103389
- conda: https://conda.anaconda.org/conda-forge/linux-aarch64/libgcc-15.2.0-h8acb6b2_14.conda
  sha256: 827a0848aa93221e078522a933b6de498aad0c52ab568f935bcc19060b995dbb
  md5: 43ff19fcf6f6737770018bb20bb2a9f9
  depends:
  - _openmp_mutex >=4.5
  constrains:
  - libgomp 15.2.0 h8acb6b2_14
  - libgcc-ng ==15.2.0=*_14
  license: GPL-3.0-only WITH GCC-exception-3.1
  license_family: GPL
  size: 620723
  timestamp: 1764276398571
- conda: https://conda.anaconda.org/conda-forge/linux-64/libgomp-15.2.0-he0feb66_14.conda
  sha256: 2017cbc0f0f3b1d15df9ca681960eef015f9f58ba0d6e841694277a9f7eae0fc
  md5: 91349c276f84f590487e4c7f6e90e077
  depends:
  - __glibc >=2.17,<3.0.a0
  license: GPL-3.0-only WITH GCC-exception-3.1
  license_family: GPL
  size: 604220
  timestamp: 1764277020855
- conda: https://conda.anaconda.org/conda-forge/linux-aarch64/libgomp-15.2.0-h8acb6b2_14.conda
  sha256: 230da4c881c7af77644cac52648da2a7799c7bf7c250983bbb64c1d793e42215
  md5: f08c95adda42a8f04c2ce888a36be575
  license: GPL-3.0-only WITH GCC-exception-3.1
  license_family: GPL
  size: 587557
  timestamp: 1764276303166
- conda: https://conda.anaconda.org/conda-forge/linux-64/libzlib-1.3.1-hb9d3cd8_2.conda
  sha256: d4bfe88d7cb447768e31650f06257995601f89076080e76df55e3112d4e47dc4
  md5: edb0dca6bc32e4f4789199455a1dbeb8
  depends:
  - __glibc >=2.17,<3.0.a0
  - libgcc >=13
  constrains:
  - zlib 1.3.1 *_2
  license: Zlib
  license_family: Other
  size: 60963
  timestamp: 1727963148474
- conda: https://conda.anaconda.org/conda-forge/linux-aarch64/libzlib-1.3.1-h86ecc28_2.conda
  sha256: 5a2c1eeef69342e88a98d1d95bff1603727ab1ff4ee0e421522acd8813439b84
  md5: 08aad7cbe9f5a6b460d0976076b6ae64
  depends:
  - libgcc >=13
  constrains:
  - zlib 1.3.1 *_2
  license: Zlib
  license_family: Other
  size: 66657
  timestamp: 1727963199518
- conda: https://conda.anaconda.org/conda-forge/osx-64/libzlib-1.3.1-hd23fc13_2.conda
  sha256: 8412f96504fc5993a63edf1e211d042a1fd5b1d51dedec755d2058948fcced09
  md5: 003a54a4e32b02f7355b50a837e699da
  depends:
  - __osx >=10.13
  constrains:
  - zlib 1.3.1 *_2
  license: Zlib
  license_family: Other
  size: 57133
  timestamp: 1727963183990
- conda: https://conda.anaconda.org/conda-forge/osx-arm64/libzlib-1.3.1-h8359307_2.conda
  sha256: ce34669eadaba351cd54910743e6a2261b67009624dbc7daeeafdef93616711b
  md5: 369964e85dc26bfe78f41399b366c435
  depends:
  - __osx >=11.0
  constrains:
  - zlib 1.3.1 *_2
  license: Zlib
  license_family: Other
  size: 46438
  timestamp: 1727963202283
- conda: https://conda.anaconda.org/conda-forge/win-64/libzlib-1.3.1-h2466b09_2.conda
  sha256: ba945c6493449bed0e6e29883c4943817f7c79cbff52b83360f7b341277c6402
  md5: 41fbfac52c601159df6c01f875de31b9
  depends:
  - ucrt >=10.0.20348.0
  - vc >=14.2,<15
  - vc14_runtime >=14.29.30139
  constrains:
  - zlib 1.3.1 *_2
  license: Zlib
  license_family: Other
  size: 55476
  timestamp: 1727963768015
- conda: https://conda.anaconda.org/conda-forge/win-64/m2-conda-epoch-20250515-0_x86_64.conda
  build_number: 0
  sha256: 51e9214548f177db9c3fe70424e3774c95bf19cd69e0e56e83abe2e393228ba1
  md5: 7d60fb16df2cd07fbc3dbff1c9df4244
  constrains:
  - msys2-conda-epoch <0.0a0
  license: BSD-3-Clause
  license_family: BSD
  size: 7539
  timestamp: 1747330852019
- conda: https://conda.anaconda.org/conda-forge/noarch/m2w64-sysroot_win-64-12.0.0.r4.gg4f2fc60ca-hd8ed1ab_10.conda
  sha256: fb0ffe6b3c25189038c29abbd1fac2522d87fe2775a09e5f5088e5542dc3309b
  md5: 9676d2a30fa3ffa4e5350041d0993758
  depends:
  - m2-conda-epoch
  - mingw-w64-ucrt-x86_64-crt-git 12.0.0.r4.gg4f2fc60ca hd8ed1ab_10
  - mingw-w64-ucrt-x86_64-headers-git 12.0.0.r4.gg4f2fc60ca hd8ed1ab_10
  - mingw-w64-ucrt-x86_64-windows-default-manifest
  - mingw-w64-ucrt-x86_64-winpthreads-git 12.0.0.r4.gg4f2fc60ca hd8ed1ab_10
  - ucrt
  size: 8421
  timestamp: 1759768559974
- conda: https://conda.anaconda.org/conda-forge/noarch/mingw-w64-ucrt-x86_64-crt-git-12.0.0.r4.gg4f2fc60ca-hd8ed1ab_10.conda
  sha256: de3e42149b498c16bfb485b7729f4ca0fe392be576a2a10ff702d661799b1df3
  md5: 44ffa6d68699ec9321f6d48d75bdc726
  depends:
  - m2-conda-epoch
  - mingw-w64-ucrt-x86_64-headers-git 12.0.0.r4.gg4f2fc60ca hd8ed1ab_10
  constrains:
  - mingw-w64-ucrt-x86_64-winpthreads-git 12.0.0.r4.gg4f2fc60ca.*
  license: ZPL-2.1
  size: 5663635
  timestamp: 1759768458961
- conda: https://conda.anaconda.org/conda-forge/noarch/mingw-w64-ucrt-x86_64-headers-git-12.0.0.r4.gg4f2fc60ca-hd8ed1ab_10.conda
  sha256: 1add86481f35163215e7076e6f06f22aa9f1f9345a5fff5cb07bc846c13fbec7
  md5: cab7b807024204893ef5bb1860d91408
  depends:
  - m2-conda-epoch
  constrains:
  - mingw-w64-ucrt-x86_64-crt-git 12.0.0.r4.gg4f2fc60ca.*
  - mingw-w64-ucrt-x86_64-winpthreads-git 12.0.0.r4.gg4f2fc60ca.*
  license: ZPL-2.1 AND LGPL-2.1-or-later
  size: 7089846
  timestamp: 1759768412123
- conda: https://conda.anaconda.org/conda-forge/noarch/mingw-w64-ucrt-x86_64-windows-default-manifest-6.4-he206cdd_7.conda
  sha256: 5b0df4e0ba8487ffd59f60c34c5dbb9e001ecd2c5d2c66ba88eada40bfa3ecb8
  md5: 1d6b5c96d7e3cce773519d7d1a4482f0
  depends:
  - __win
  constrains:
  - m2w64-sysroot_win-64 >=12.0.0.r0
  license: FSFAP
  size: 7412
  timestamp: 1717486007140
- conda: https://conda.anaconda.org/conda-forge/noarch/mingw-w64-ucrt-x86_64-winpthreads-git-12.0.0.r4.gg4f2fc60ca-hd8ed1ab_10.conda
  sha256: 828abb111286940473c4c665fc8ab300d28920f5af83b32295e8bf2256a8f342
  md5: ba0eeff6a5c62b83c771bb392e22dbb4
  depends:
  - m2-conda-epoch
  - mingw-w64-ucrt-x86_64-headers-git 12.0.0.r4.gg4f2fc60ca hd8ed1ab_10
  constrains:
  - mingw-w64-ucrt-x86_64-crt-git 12.0.0.r4.gg4f2fc60ca.*
  license: MIT AND BSD-3-Clause-Clear
  size: 123916
  timestamp: 1759768539535
- conda: https://conda.anaconda.org/conda-forge/linux-64/pkgconf-2.5.1-h280c20c_1.conda
  sha256: 92e562f384b10ba94064722ebfa64ea9e50ec994a01ec2c978a3c3de809ebfc8
  md5: 6f9821e64120c9568206d25ea367bce1
  depends:
  - __glibc >=2.17,<3.0.a0
  - libgcc >=14
  license: MIT
  license_family: MIT
  size: 91254
  timestamp: 1764560955104
- conda: https://conda.anaconda.org/conda-forge/linux-aarch64/pkgconf-2.5.1-h80f16a2_1.conda
  sha256: 9afd3b56cd2cfb8c8f56ad530d90ad45a8d69a8c01038b2e45b3ed451a5d18bb
  md5: fffb46b77f5068a51245aa298c555192
  depends:
  - libgcc >=14
  license: MIT
  license_family: MIT
  size: 96245
  timestamp: 1764560962827
- conda: https://conda.anaconda.org/conda-forge/osx-64/pkgconf-2.5.1-h828b840_1.conda
  sha256: 68b755caea4d36673a85075513324fe909c7fa79981d8c6dbac6b921b4b83dee
  md5: 2062ba46f88156c27da21466a49a6ce5
  depends:
  - __osx >=10.13
  license: MIT
  license_family: MIT
  size: 75504
  timestamp: 1764560968776
- conda: https://conda.anaconda.org/conda-forge/osx-arm64/pkgconf-2.5.1-he530434_1.conda
  sha256: b51078187619b322c172fc735641d37bfd4c6ac5dec21885b25f58041826d38f
  md5: 4d42b040e903025ce4f31399d1e63c84
  depends:
  - __osx >=11.0
  license: MIT
  license_family: MIT
  size: 78534
  timestamp: 1764561005889
- conda: https://conda.anaconda.org/conda-forge/win-64/pkgconf-2.5.1-h6a83c73_1.conda
  sha256: 102bb16354372e19661fc24174429336f3f778fda8e711a9bd1a4d8d79585e5d
  md5: 37aeeb0469b6396821c6a8aa76d0cb65
  depends:
  - vc >=14.3,<15
  - vc14_runtime >=14.44.35208
  - ucrt >=10.0.20348.0
  license: MIT
  license_family: MIT
  size: 81489
  timestamp: 1764560974070
- conda: https://conda.anaconda.org/conda-forge/noarch/sysroot_linux-64-2.17-h0157908_18.conda
  sha256: 69ab5804bdd2e8e493d5709eebff382a72fab3e9af6adf93a237ccf8f7dbd624
  md5: 460eba7851277ec1fd80a1a24080787a
  depends:
  - kernel-headers_linux-64 3.10.0 he073ed8_18
  - tzdata
  license: LGPL-2.0-or-later AND LGPL-2.0-or-later WITH exceptions AND GPL-2.0-or-later AND MPL-2.0
  license_family: GPL
  size: 15166921
  timestamp: 1735290488259
- conda: https://conda.anaconda.org/conda-forge/noarch/sysroot_linux-aarch64-2.17-h68829e0_18.conda
  sha256: 1e478bfd87c296829e62f0cae37e591568c2dcfc90ee6228c285bb1c7130b915
  md5: 5af44a8494602d062a4c6f019bcb6116
  depends:
  - kernel-headers_linux-aarch64 4.18.0 h05a177a_18
  - tzdata
  license: LGPL-2.0-or-later AND LGPL-2.0-or-later WITH exceptions AND GPL-2.0-or-later AND MPL-2.0
  license_family: GPL
  size: 15739604
  timestamp: 1735290496248
- conda: https://conda.anaconda.org/conda-forge/noarch/tzdata-2025b-h78e105d_0.conda
  sha256: 5aaa366385d716557e365f0a4e9c3fca43ba196872abbbe3d56bb610d131e192
  md5: 4222072737ccff51314b5ece9c7d6f5a
  license: LicenseRef-Public-Domain
  size: 122968
  timestamp: 1742727099393
- conda: https://conda.anaconda.org/conda-forge/win-64/ucrt-10.0.26100.0-h57928b3_0.conda
  sha256: 3005729dce6f3d3f5ec91dfc49fc75a0095f9cd23bab49efb899657297ac91a5
  md5: 71b24316859acd00bdb8b38f5e2ce328
  constrains:
  - vc14_runtime >=14.29.30037
  - vs2015_runtime >=14.29.30037
  license: LicenseRef-MicrosoftWindowsSDK10
  size: 694692
  timestamp: 1756385147981
- conda: https://conda.anaconda.org/conda-forge/win-64/vc-14.3-h2b53caa_32.conda
  sha256: 82250af59af9ff3c6a635dd4c4764c631d854feb334d6747d356d949af44d7cf
  md5: ef02bbe151253a72b8eda264a935db66
  depends:
  - vc14_runtime >=14.42.34433
  track_features:
  - vc14
  license: BSD-3-Clause
  license_family: BSD
  size: 18861
  timestamp: 1760418772353
- conda: https://conda.anaconda.org/conda-forge/win-64/vc14_runtime-14.44.35208-h818238b_32.conda
  sha256: e3a3656b70d1202e0d042811ceb743bd0d9f7e00e2acdf824d231b044ef6c0fd
  md5: 378d5dcec45eaea8d303da6f00447ac0
  depends:
  - ucrt >=10.0.20348.0
  - vcomp14 14.44.35208 h818238b_32
  constrains:
  - vs2015_runtime 14.44.35208.* *_32
  license: LicenseRef-MicrosoftVisualCpp2015-2022Runtime
  license_family: Proprietary
  size: 682706
  timestamp: 1760418629729
- conda: https://conda.anaconda.org/conda-forge/win-64/vcomp14-14.44.35208-h818238b_32.conda
  sha256: f3790c88fbbdc55874f41de81a4237b1b91eab75e05d0e58661518ff04d2a8a1
  md5: 58f67b437acbf2764317ba273d731f1d
  depends:
  - ucrt >=10.0.20348.0
  constrains:
  - vs2015_runtime 14.44.35208.* *_32
  license: LicenseRef-MicrosoftVisualCpp2015-2022Runtime
  license_family: Proprietary
  size: 114846
  timestamp: 1760418593847
- conda: https://conda.anaconda.org/conda-forge/linux-64/zstd-1.5.7-hb78ec9c_6.conda
  sha256: 68f0206ca6e98fea941e5717cec780ed2873ffabc0e1ed34428c061e2c6268c7
  md5: 4a13eeac0b5c8e5b8ab496e6c4ddd829
  depends:
  - __glibc >=2.17,<3.0.a0
  - libzlib >=1.3.1,<2.0a0
  license: BSD-3-Clause
  size: 601375
  timestamp: 1764777111296
- conda: https://conda.anaconda.org/conda-forge/linux-aarch64/zstd-1.5.7-h85ac4a6_6.conda
  sha256: 569990cf12e46f9df540275146da567d9c618c1e9c7a0bc9d9cfefadaed20b75
  md5: c3655f82dcea2aa179b291e7099c1fcc
  depends:
  - libzlib >=1.3.1,<2.0a0
  license: BSD-3-Clause
  size: 614429
  timestamp: 1764777145593
- conda: https://conda.anaconda.org/conda-forge/osx-64/zstd-1.5.7-h3eecb57_6.conda
  sha256: 47101a4055a70a4876ffc87b750ab2287b67eca793f21c8224be5e1ee6394d3f
  md5: 727109b184d680772e3122f40136d5ca
  depends:
  - __osx >=10.13
  - libzlib >=1.3.1,<2.0a0
  license: BSD-3-Clause
  size: 528148
  timestamp: 1764777156963
- conda: https://conda.anaconda.org/conda-forge/osx-arm64/zstd-1.5.7-hbf9d68e_6.conda
  sha256: 9485ba49e8f47d2b597dd399e88f4802e100851b27c21d7525625b0b4025a5d9
  md5: ab136e4c34e97f34fb621d2592a393d8
  depends:
  - __osx >=11.0
  - libzlib >=1.3.1,<2.0a0
  license: BSD-3-Clause
  size: 433413
  timestamp: 1764777166076
- conda: https://conda.anaconda.org/conda-forge/win-64/zstd-1.5.7-h534d264_6.conda
  sha256: 368d8628424966fd8f9c8018326a9c779e06913dd39e646cf331226acc90e5b2
  md5: 053b84beec00b71ea8ff7a4f84b55207
  depends:
  - vc >=14.3,<15
  - vc14_runtime >=14.44.35208
  - ucrt >=10.0.20348.0
  - libzlib >=1.3.1,<2.0a0
  license: BSD-3-Clause
  size: 388453
  timestamp: 1764777142545
